{
  "requires": true,
  "lockfileVersion": 1,
  "dependencies": {
    "jsrsasign": {
      "version": "8.0.15",
      "resolved": "https://registry.npmjs.org/jsrsasign/-/jsrsasign-8.0.15.tgz",
      "integrity": "sha512-6UKHqnNs5lYROn03wf1BTw7DQx5tW616DTigjbo0JHV97D3HzIqYmPVCBSNsfEfQOrfpFqmPZJvaC3cMNOT0Yw=="
    }
  }
}
